
Microsoft Visual Studio Solution File, Format Version 12.00
# Visual Studio Version 16
VisualStudioVersion = 16.0.30128.74
MinimumVisualStudioVersion = 10.0.40219.1
Project("{FAE04EC0-301F-11D3-BF4B-00C04F79EFBC}") = "Personas", "Personas.csproj", "{2EBFE4EB-D013-4B6B-8C5A-F4F2740390E5}"
EndProject
Global
	GlobalSection(SolutionConfigurationPlatforms) = preSolution
		Debug|Any CPU = Debug|Any CPU
		Release|Any CPU = Release|Any CPU
	EndGlobalSection
	GlobalSection(ProjectConfigurationPlatforms) = postSolution
		{2EBFE4EB-D013-4B6B-8C5A-F4F2740390E5}.Debug|Any CPU.ActiveCfg = Debug|Any CPU
		{2EBFE4EB-D013-4B6B-8C5A-F4F2740390E5}.Debug|Any CPU.Build.0 = Debug|Any CPU
		{2EBFE4EB-D013-4B6B-8C5A-F4F2740390E5}.Release|Any CPU.ActiveCfg = Release|Any CPU
		{2EBFE4EB-D013-4B6B-8C5A-F4F2740390E5}.Release|Any CPU.Build.0 = Release|Any CPU
	EndGlobalSection
	GlobalSection(SolutionProperties) = preSolution
		HideSolutionNode = FALSE
	EndGlobalSection
	GlobalSection(ExtensibilityGlobals) = postSolution
		SolutionGuid = {C7D45CC2-6ECD-4B5C-BF4A-E969F4AA87AA}
	EndGlobalSection
EndGlobal
